// !$*UTF8*$!
{
	archiveVersion = 1;
	classes = {
	};
	objectVersion = 46;
	objects = {

/* Begin PBXBuildFile section */
		3D78AD6C1E3EA04E001C10DB /* HomeViewController.swift in Sources */ = {isa = PBXBuildFile; fileRef = 3D78AD6B1E3EA04E001C10DB /* HomeViewController.swift */; };
		3D78AD871E3EA47E001C10DB /* ICON_MENU_03.png in Resources */ = {isa = PBXBuildFile; fileRef = 3D78AD6D1E3EA47E001C10DB /* ICON_MENU_03.png */; };
		3D78AD881E3EA47E001C10DB /* NAVIGATION_HEADER_03.png in Resources */ = {isa = PBXBuildFile; fileRef = 3D78AD6E1E3EA47E001C10DB /* NAVIGATION_HEADER_03.png */; };
		3D78AD891E3EA47E001C10DB /* LOCKERROOM_SPLASH.jpg in Resources */ = {isa = PBXBuildFile; fileRef = 3D78AD701E3EA47E001C10DB /* LOCKERROOM_SPLASH.jpg */; };
		3D78AD8A1E3EA47E001C10DB /* ICON_BACK.png in Resources */ = {isa = PBXBuildFile; fileRef = 3D78AD711E3EA47E001C10DB /* ICON_BACK.png */; };
		3D78AD8B1E3EA47E001C10DB /* ICON_CONTACT_PROFILE.png in Resources */ = {isa = PBXBuildFile; fileRef = 3D78AD721E3EA47E001C10DB /* ICON_CONTACT_PROFILE.png */; };
		3D78AD8C1E3EA47E001C10DB /* SEARCH_FIELD.png in Resources */ = {isa = PBXBuildFile; fileRef = 3D78AD731E3EA47E001C10DB /* SEARCH_FIELD.png */; };
		3D78AD8D1E3EA47E001C10DB /* TITLE_HR.png in Resources */ = {isa = PBXBuildFile; fileRef = 3D78AD741E3EA47E001C10DB /* TITLE_HR.png */; };
		3D78AD8E1E3EA47E001C10DB /* LOCKERROOM_MAIN_HEADER_03.png in Resources */ = {isa = PBXBuildFile; fileRef = 3D78AD751E3EA47E001C10DB /* LOCKERROOM_MAIN_HEADER_03.png */; };
		3D78AD8F1E3EA47E001C10DB /* LOCKERROOM_APP_LOGO-05.png in Resources */ = {isa = PBXBuildFile; fileRef = 3D78AD761E3EA47E001C10DB /* LOCKERROOM_APP_LOGO-05.png */; };
		3D78AD901E3EA47E001C10DB /* ICON_MANAGER.png in Resources */ = {isa = PBXBuildFile; fileRef = 3D78AD771E3EA47E001C10DB /* ICON_MANAGER.png */; };
		3D78AD911E3EA47E001C10DB /* ICON_DOCUMENT.png in Resources */ = {isa = PBXBuildFile; fileRef = 3D78AD781E3EA47E001C10DB /* ICON_DOCUMENT.png */; };
		3D78AD921E3EA47E001C10DB /* ICON_CTS.png in Resources */ = {isa = PBXBuildFile; fileRef = 3D78AD791E3EA47E001C10DB /* ICON_CTS.png */; };
		3D78AD931E3EA47E001C10DB /* ICON_LOGOUT.png in Resources */ = {isa = PBXBuildFile; fileRef = 3D78AD7A1E3EA47E001C10DB /* ICON_LOGOUT.png */; };
		3D78AD941E3EA47E001C10DB /* ICON_SELFSERVICE.png in Resources */ = {isa = PBXBuildFile; fileRef = 3D78AD7B1E3EA47E001C10DB /* ICON_SELFSERVICE.png */; };
		3D78AD951E3EA47E001C10DB /* ICON_TIMEKEEPER.png in Resources */ = {isa = PBXBuildFile; fileRef = 3D78AD7C1E3EA47E001C10DB /* ICON_TIMEKEEPER.png */; };
		3D78AD961E3EA47E001C10DB /* ICON_CHAT.png in Resources */ = {isa = PBXBuildFile; fileRef = 3D78AD7D1E3EA47E001C10DB /* ICON_CHAT.png */; };
		3D78AD971E3EA47E001C10DB /* ICON_RSN.png in Resources */ = {isa = PBXBuildFile; fileRef = 3D78AD7E1E3EA47E001C10DB /* ICON_RSN.png */; };
		3D78AD981E3EA47E001C10DB /* ICON_NEWHIRE.png in Resources */ = {isa = PBXBuildFile; fileRef = 3D78AD7F1E3EA47E001C10DB /* ICON_NEWHIRE.png */; };
		3D78AD991E3EA47E001C10DB /* ICON_RESOURCES.png in Resources */ = {isa = PBXBuildFile; fileRef = 3D78AD801E3EA47E001C10DB /* ICON_RESOURCES.png */; };
		3D78AD9A1E3EA47E001C10DB /* ICON_SETTINGS.png in Resources */ = {isa = PBXBuildFile; fileRef = 3D78AD811E3EA47E001C10DB /* ICON_SETTINGS.png */; };
		3D78AD9B1E3EA47E001C10DB /* ICON_SEARCH.png in Resources */ = {isa = PBXBuildFile; fileRef = 3D78AD821E3EA47E001C10DB /* ICON_SEARCH.png */; };
		3D78AD9C1E3EA47E001C10DB /* ICON_CALENDAR.png in Resources */ = {isa = PBXBuildFile; fileRef = 3D78AD831E3EA47E001C10DB /* ICON_CALENDAR.png */; };
		3D78AD9D1E3EA47E001C10DB /* ICON_ADD.png in Resources */ = {isa = PBXBuildFile; fileRef = 3D78AD841E3EA47E001C10DB /* ICON_ADD.png */; };
		3D78AD9E1E3EA47E001C10DB /* ICON_FAQ.png in Resources */ = {isa = PBXBuildFile; fileRef = 3D78AD851E3EA47E001C10DB /* ICON_FAQ.png */; };
		3DAEF1BD1E462B800060D53D /* NewsArticle.swift in Sources */ = {isa = PBXBuildFile; fileRef = 3DAEF1BC1E462B800060D53D /* NewsArticle.swift */; };
		3DAEF1C01E4643770060D53D /* ContactViewController.swift in Sources */ = {isa = PBXBuildFile; fileRef = 3DAEF1BF1E4643770060D53D /* ContactViewController.swift */; };
		3DAEF1C21E468D740060D53D /* Contacts.swift in Sources */ = {isa = PBXBuildFile; fileRef = 3DAEF1C11E468D740060D53D /* Contacts.swift */; };
		3DEE9B471E3DA1D6001A4ED1 /* AppDelegate.swift in Sources */ = {isa = PBXBuildFile; fileRef = 3DEE9B461E3DA1D6001A4ED1 /* AppDelegate.swift */; };
		3DEE9B491E3DA1D6001A4ED1 /* RootViewController.swift in Sources */ = {isa = PBXBuildFile; fileRef = 3DEE9B481E3DA1D6001A4ED1 /* RootViewController.swift */; };
		3DEE9B4C1E3DA1D7001A4ED1 /* Main.storyboard in Resources */ = {isa = PBXBuildFile; fileRef = 3DEE9B4A1E3DA1D7001A4ED1 /* Main.storyboard */; };
		3DEE9B4E1E3DA1D7001A4ED1 /* Assets.xcassets in Resources */ = {isa = PBXBuildFile; fileRef = 3DEE9B4D1E3DA1D7001A4ED1 /* Assets.xcassets */; };
		3DEE9B511E3DA1D7001A4ED1 /* LaunchScreen.storyboard in Resources */ = {isa = PBXBuildFile; fileRef = 3DEE9B4F1E3DA1D7001A4ED1 /* LaunchScreen.storyboard */; };
		3DEE9B5C1E3DA1D7001A4ED1 /* LockerRoomV5Tests.swift in Sources */ = {isa = PBXBuildFile; fileRef = 3DEE9B5B1E3DA1D7001A4ED1 /* LockerRoomV5Tests.swift */; };
		3DEE9B671E3DA1D7001A4ED1 /* LockerRoomV5UITests.swift in Sources */ = {isa = PBXBuildFile; fileRef = 3DEE9B661E3DA1D7001A4ED1 /* LockerRoomV5UITests.swift */; };
		3DEE9B751E3DA22D001A4ED1 /* GoogleService-Info.plist in Resources */ = {isa = PBXBuildFile; fileRef = 3DEE9B741E3DA22D001A4ED1 /* GoogleService-Info.plist */; };
		80D8DA9312EC47121CCE496B /* Pods_LockerRoomV5Tests.framework in Frameworks */ = {isa = PBXBuildFile; fileRef = E3486F5709594CB9D4695AE2 /* Pods_LockerRoomV5Tests.framework */; };
		8BA4C58105CFD01C1EDC8591 /* Pods_LockerRoomV5.framework in Frameworks */ = {isa = PBXBuildFile; fileRef = 99435BEF6A7A2E59398ED881 /* Pods_LockerRoomV5.framework */; };
		9AF699D236B6D041553737DA /* Pods_LockerRoomV5UITests.framework in Frameworks */ = {isa = PBXBuildFile; fileRef = 84F7F7BAA3FF2615340BE047 /* Pods_LockerRoomV5UITests.framework */; };
/* End PBXBuildFile section */

/* Begin PBXContainerItemProxy section */
		3DEE9B581E3DA1D7001A4ED1 /* PBXContainerItemProxy */ = {
			isa = PBXContainerItemProxy;
			containerPortal = 3DEE9B3B1E3DA1D6001A4ED1 /* Project object */;
			proxyType = 1;
			remoteGlobalIDString = 3DEE9B421E3DA1D6001A4ED1;
			remoteInfo = LockerRoomV5;
		};
		3DEE9B631E3DA1D7001A4ED1 /* PBXContainerItemProxy */ = {
			isa = PBXContainerItemProxy;
			containerPortal = 3DEE9B3B1E3DA1D6001A4ED1 /* Project object */;
			proxyType = 1;
			remoteGlobalIDString = 3DEE9B421E3DA1D6001A4ED1;
			remoteInfo = LockerRoomV5;
		};
/* End PBXContainerItemProxy section */

/* Begin PBXFileReference section */
		115EDA9B112B61BA6B233961 /* Pods-LockerRoomV5.release.xcconfig */ = {isa = PBXFileReference; includeInIndex = 1; lastKnownFileType = text.xcconfig; name = "Pods-LockerRoomV5.release.xcconfig"; path = "Pods/Target Support Files/Pods-LockerRoomV5/Pods-LockerRoomV5.release.xcconfig"; sourceTree = "<group>"; };
		3CA833BC43833A4FD6F3953C /* Pods-LockerRoomV5.debug.xcconfig */ = {isa = PBXFileReference; includeInIndex = 1; lastKnownFileType = text.xcconfig; name = "Pods-LockerRoomV5.debug.xcconfig"; path = "Pods/Target Support Files/Pods-LockerRoomV5/Pods-LockerRoomV5.debug.xcconfig"; sourceTree = "<group>"; };
		3D78AD6B1E3EA04E001C10DB /* HomeViewController.swift */ = {isa = PBXFileReference; fileEncoding = 4; lastKnownFileType = sourcecode.swift; path = HomeViewController.swift; sourceTree = "<group>"; };
		3D78AD6D1E3EA47E001C10DB /* ICON_MENU_03.png */ = {isa = PBXFileReference; lastKnownFileType = image.png; path = ICON_MENU_03.png; sourceTree = "<group>"; };
		3D78AD6E1E3EA47E001C10DB /* NAVIGATION_HEADER_03.png */ = {isa = PBXFileReference; lastKnownFileType = image.png; path = NAVIGATION_HEADER_03.png; sourceTree = "<group>"; };
		3D78AD701E3EA47E001C10DB /* LOCKERROOM_SPLASH.jpg */ = {isa = PBXFileReference; lastKnownFileType = image.jpeg; path = LOCKERROOM_SPLASH.jpg; sourceTree = "<group>"; };
		3D78AD711E3EA47E001C10DB /* ICON_BACK.png */ = {isa = PBXFileReference; lastKnownFileType = image.png; path = ICON_BACK.png; sourceTree = "<group>"; };
		3D78AD721E3EA47E001C10DB /* ICON_CONTACT_PROFILE.png */ = {isa = PBXFileReference; lastKnownFileType = image.png; path = ICON_CONTACT_PROFILE.png; sourceTree = "<group>"; };
		3D78AD731E3EA47E001C10DB /* SEARCH_FIELD.png */ = {isa = PBXFileReference; lastKnownFileType = image.png; path = SEARCH_FIELD.png; sourceTree = "<group>"; };
		3D78AD741E3EA47E001C10DB /* TITLE_HR.png */ = {isa = PBXFileReference; lastKnownFileType = image.png; path = TITLE_HR.png; sourceTree = "<group>"; };
		3D78AD751E3EA47E001C10DB /* LOCKERROOM_MAIN_HEADER_03.png */ = {isa = PBXFileReference; lastKnownFileType = image.png; path = LOCKERROOM_MAIN_HEADER_03.png; sourceTree = "<group>"; };
		3D78AD761E3EA47E001C10DB /* LOCKERROOM_APP_LOGO-05.png */ = {isa = PBXFileReference; lastKnownFileType = image.png; path = "LOCKERROOM_APP_LOGO-05.png"; sourceTree = "<group>"; };
		3D78AD771E3EA47E001C10DB /* ICON_MANAGER.png */ = {isa = PBXFileReference; lastKnownFileType = image.png; path = ICON_MANAGER.png; sourceTree = "<group>"; };
		3D78AD781E3EA47E001C10DB /* ICON_DOCUMENT.png */ = {isa = PBXFileReference; lastKnownFileType = image.png; path = ICON_DOCUMENT.png; sourceTree = "<group>"; };
		3D78AD791E3EA47E001C10DB /* ICON_CTS.png */ = {isa = PBXFileReference; lastKnownFileType = image.png; path = ICON_CTS.png; sourceTree = "<group>"; };
		3D78AD7A1E3EA47E001C10DB /* ICON_LOGOUT.png */ = {isa = PBXFileReference; lastKnownFileType = image.png; path = ICON_LOGOUT.png; sourceTree = "<group>"; };
		3D78AD7B1E3EA47E001C10DB /* ICON_SELFSERVICE.png */ = {isa = PBXFileReference; lastKnownFileType = image.png; path = ICON_SELFSERVICE.png; sourceTree = "<group>"; };
		3D78AD7C1E3EA47E001C10DB /* ICON_TIMEKEEPER.png */ = {isa = PBXFileReference; lastKnownFileType = image.png; path = ICON_TIMEKEEPER.png; sourceTree = "<group>"; };
		3D78AD7D1E3EA47E001C10DB /* ICON_CHAT.png */ = {isa = PBXFileReference; lastKnownFileType = image.png; path = ICON_CHAT.png; sourceTree = "<group>"; };
		3D78AD7E1E3EA47E001C10DB /* ICON_RSN.png */ = {isa = PBXFileReference; lastKnownFileType = image.png; path = ICON_RSN.png; sourceTree = "<group>"; };
		3D78AD7F1E3EA47E001C10DB /* ICON_NEWHIRE.png */ = {isa = PBXFileReference; lastKnownFileType = image.png; path = ICON_NEWHIRE.png; sourceTree = "<group>"; };
		3D78AD801E3EA47E001C10DB /* ICON_RESOURCES.png */ = {isa = PBXFileReference; lastKnownFileType = image.png; path = ICON_RESOURCES.png; sourceTree = "<group>"; };
		3D78AD811E3EA47E001C10DB /* ICON_SETTINGS.png */ = {isa = PBXFileReference; lastKnownFileType = image.png; path = ICON_SETTINGS.png; sourceTree = "<group>"; };
		3D78AD821E3EA47E001C10DB /* ICON_SEARCH.png */ = {isa = PBXFileReference; lastKnownFileType = image.png; path = ICON_SEARCH.png; sourceTree = "<group>"; };
		3D78AD831E3EA47E001C10DB /* ICON_CALENDAR.png */ = {isa = PBXFileReference; lastKnownFileType = image.png; path = ICON_CALENDAR.png; sourceTree = "<group>"; };
		3D78AD841E3EA47E001C10DB /* ICON_ADD.png */ = {isa = PBXFileReference; lastKnownFileType = image.png; path = ICON_ADD.png; sourceTree = "<group>"; };
		3D78AD851E3EA47E001C10DB /* ICON_FAQ.png */ = {isa = PBXFileReference; lastKnownFileType = image.png; path = ICON_FAQ.png; sourceTree = "<group>"; };
		3DAEF1BC1E462B800060D53D /* NewsArticle.swift */ = {isa = PBXFileReference; fileEncoding = 4; lastKnownFileType = sourcecode.swift; path = NewsArticle.swift; sourceTree = "<group>"; };
		3DAEF1BF1E4643770060D53D /* ContactViewController.swift */ = {isa = PBXFileReference; fileEncoding = 4; lastKnownFileType = sourcecode.swift; path = ContactViewController.swift; sourceTree = "<group>"; };
		3DAEF1C11E468D740060D53D /* Contacts.swift */ = {isa = PBXFileReference; fileEncoding = 4; lastKnownFileType = sourcecode.swift; path = Contacts.swift; sourceTree = "<group>"; };
		3DEE9B431E3DA1D6001A4ED1 /* LockerRoomV5.app */ = {isa = PBXFileReference; explicitFileType = wrapper.application; includeInIndex = 0; path = LockerRoomV5.app; sourceTree = BUILT_PRODUCTS_DIR; };
		3DEE9B461E3DA1D6001A4ED1 /* AppDelegate.swift */ = {isa = PBXFileReference; lastKnownFileType = sourcecode.swift; path = AppDelegate.swift; sourceTree = "<group>"; };
		3DEE9B481E3DA1D6001A4ED1 /* RootViewController.swift */ = {isa = PBXFileReference; lastKnownFileType = sourcecode.swift; path = RootViewController.swift; sourceTree = "<group>"; };
		3DEE9B4B1E3DA1D7001A4ED1 /* Base */ = {isa = PBXFileReference; lastKnownFileType = file.storyboard; name = Base; path = Base.lproj/Main.storyboard; sourceTree = "<group>"; };
		3DEE9B4D1E3DA1D7001A4ED1 /* Assets.xcassets */ = {isa = PBXFileReference; lastKnownFileType = folder.assetcatalog; path = Assets.xcassets; sourceTree = "<group>"; };
		3DEE9B501E3DA1D7001A4ED1 /* Base */ = {isa = PBXFileReference; lastKnownFileType = file.storyboard; name = Base; path = Base.lproj/LaunchScreen.storyboard; sourceTree = "<group>"; };
		3DEE9B521E3DA1D7001A4ED1 /* Info.plist */ = {isa = PBXFileReference; lastKnownFileType = text.plist.xml; path = Info.plist; sourceTree = "<group>"; };
		3DEE9B571E3DA1D7001A4ED1 /* LockerRoomV5Tests.xctest */ = {isa = PBXFileReference; explicitFileType = wrapper.cfbundle; includeInIndex = 0; path = LockerRoomV5Tests.xctest; sourceTree = BUILT_PRODUCTS_DIR; };
		3DEE9B5B1E3DA1D7001A4ED1 /* LockerRoomV5Tests.swift */ = {isa = PBXFileReference; lastKnownFileType = sourcecode.swift; path = LockerRoomV5Tests.swift; sourceTree = "<group>"; };
		3DEE9B5D1E3DA1D7001A4ED1 /* Info.plist */ = {isa = PBXFileReference; lastKnownFileType = text.plist.xml; path = Info.plist; sourceTree = "<group>"; };
		3DEE9B621E3DA1D7001A4ED1 /* LockerRoomV5UITests.xctest */ = {isa = PBXFileReference; explicitFileType = wrapper.cfbundle; includeInIndex = 0; path = LockerRoomV5UITests.xctest; sourceTree = BUILT_PRODUCTS_DIR; };
		3DEE9B661E3DA1D7001A4ED1 /* LockerRoomV5UITests.swift */ = {isa = PBXFileReference; lastKnownFileType = sourcecode.swift; path = LockerRoomV5UITests.swift; sourceTree = "<group>"; };
		3DEE9B681E3DA1D8001A4ED1 /* Info.plist */ = {isa = PBXFileReference; lastKnownFileType = text.plist.xml; path = Info.plist; sourceTree = "<group>"; };
		3DEE9B741E3DA22D001A4ED1 /* GoogleService-Info.plist */ = {isa = PBXFileReference; fileEncoding = 4; lastKnownFileType = text.plist.xml; path = "GoogleService-Info.plist"; sourceTree = "<group>"; };
		84F7F7BAA3FF2615340BE047 /* Pods_LockerRoomV5UITests.framework */ = {isa = PBXFileReference; explicitFileType = wrapper.framework; includeInIndex = 0; path = Pods_LockerRoomV5UITests.framework; sourceTree = BUILT_PRODUCTS_DIR; };
		99435BEF6A7A2E59398ED881 /* Pods_LockerRoomV5.framework */ = {isa = PBXFileReference; explicitFileType = wrapper.framework; includeInIndex = 0; path = Pods_LockerRoomV5.framework; sourceTree = BUILT_PRODUCTS_DIR; };
		A861C489B87C4C18940A0AF7 /* Pods-LockerRoomV5UITests.release.xcconfig */ = {isa = PBXFileReference; includeInIndex = 1; lastKnownFileType = text.xcconfig; name = "Pods-LockerRoomV5UITests.release.xcconfig"; path = "Pods/Target Support Files/Pods-LockerRoomV5UITests/Pods-LockerRoomV5UITests.release.xcconfig"; sourceTree = "<group>"; };
		BC4AC13752D23CA71F99F240 /* Pods-LockerRoomV5Tests.debug.xcconfig */ = {isa = PBXFileReference; includeInIndex = 1; lastKnownFileType = text.xcconfig; name = "Pods-LockerRoomV5Tests.debug.xcconfig"; path = "Pods/Target Support Files/Pods-LockerRoomV5Tests/Pods-LockerRoomV5Tests.debug.xcconfig"; sourceTree = "<group>"; };
		E3486F5709594CB9D4695AE2 /* Pods_LockerRoomV5Tests.framework */ = {isa = PBXFileReference; explicitFileType = wrapper.framework; includeInIndex = 0; path = Pods_LockerRoomV5Tests.framework; sourceTree = BUILT_PRODUCTS_DIR; };
		F318E77576F123360241F9F0 /* Pods-LockerRoomV5UITests.debug.xcconfig */ = {isa = PBXFileReference; includeInIndex = 1; lastKnownFileType = text.xcconfig; name = "Pods-LockerRoomV5UITests.debug.xcconfig"; path = "Pods/Target Support Files/Pods-LockerRoomV5UITests/Pods-LockerRoomV5UITests.debug.xcconfig"; sourceTree = "<group>"; };
		FE609AEBE460E4B899272E6D /* Pods-LockerRoomV5Tests.release.xcconfig */ = {isa = PBXFileReference; includeInIndex = 1; lastKnownFileType = text.xcconfig; name = "Pods-LockerRoomV5Tests.release.xcconfig"; path = "Pods/Target Support Files/Pods-LockerRoomV5Tests/Pods-LockerRoomV5Tests.release.xcconfig"; sourceTree = "<group>"; };
/* End PBXFileReference section */

/* Begin PBXFrameworksBuildPhase section */
		3DEE9B401E3DA1D6001A4ED1 /* Frameworks */ = {
			isa = PBXFrameworksBuildPhase;
			buildActionMask = 2147483647;
			files = (
				8BA4C58105CFD01C1EDC8591 /* Pods_LockerRoomV5.framework in Frameworks */,
			);
			runOnlyForDeploymentPostprocessing = 0;
		};
		3DEE9B541E3DA1D7001A4ED1 /* Frameworks */ = {
			isa = PBXFrameworksBuildPhase;
			buildActionMask = 2147483647;
			files = (
				80D8DA9312EC47121CCE496B /* Pods_LockerRoomV5Tests.framework in Frameworks */,
			);
			runOnlyForDeploymentPostprocessing = 0;
		};
		3DEE9B5F1E3DA1D7001A4ED1 /* Frameworks */ = {
			isa = PBXFrameworksBuildPhase;
			buildActionMask = 2147483647;
			files = (
				9AF699D236B6D041553737DA /* Pods_LockerRoomV5UITests.framework in Frameworks */,
			);
			runOnlyForDeploymentPostprocessing = 0;
		};
/* End PBXFrameworksBuildPhase section */

/* Begin PBXGroup section */
		3D78AD6F1E3EA47E001C10DB /* NavigationIcons */ = {
			isa = PBXGroup;
			children = (
				3D78AD6D1E3EA47E001C10DB /* ICON_MENU_03.png */,
				3D78AD6E1E3EA47E001C10DB /* NAVIGATION_HEADER_03.png */,
			);
			name = NavigationIcons;
			path = ../../LockerRoomV4/LockerRoomV4;
			sourceTree = "<group>";
		};
		3D78AD861E3EA47E001C10DB /* MenuIcons */ = {
			isa = PBXGroup;
			children = (
				3D78AD701E3EA47E001C10DB /* LOCKERROOM_SPLASH.jpg */,
				3D78AD711E3EA47E001C10DB /* ICON_BACK.png */,
				3D78AD721E3EA47E001C10DB /* ICON_CONTACT_PROFILE.png */,
				3D78AD731E3EA47E001C10DB /* SEARCH_FIELD.png */,
				3D78AD741E3EA47E001C10DB /* TITLE_HR.png */,
				3D78AD751E3EA47E001C10DB /* LOCKERROOM_MAIN_HEADER_03.png */,
				3D78AD761E3EA47E001C10DB /* LOCKERROOM_APP_LOGO-05.png */,
				3D78AD771E3EA47E001C10DB /* ICON_MANAGER.png */,
				3D78AD781E3EA47E001C10DB /* ICON_DOCUMENT.png */,
				3D78AD791E3EA47E001C10DB /* ICON_CTS.png */,
				3D78AD7A1E3EA47E001C10DB /* ICON_LOGOUT.png */,
				3D78AD7B1E3EA47E001C10DB /* ICON_SELFSERVICE.png */,
				3D78AD7C1E3EA47E001C10DB /* ICON_TIMEKEEPER.png */,
				3D78AD7D1E3EA47E001C10DB /* ICON_CHAT.png */,
				3D78AD7E1E3EA47E001C10DB /* ICON_RSN.png */,
				3D78AD7F1E3EA47E001C10DB /* ICON_NEWHIRE.png */,
				3D78AD801E3EA47E001C10DB /* ICON_RESOURCES.png */,
				3D78AD811E3EA47E001C10DB /* ICON_SETTINGS.png */,
				3D78AD821E3EA47E001C10DB /* ICON_SEARCH.png */,
				3D78AD831E3EA47E001C10DB /* ICON_CALENDAR.png */,
				3D78AD841E3EA47E001C10DB /* ICON_ADD.png */,
				3D78AD851E3EA47E001C10DB /* ICON_FAQ.png */,
			);
			name = MenuIcons;
			path = ../../LockerRoomV4/LockerRoomV4;
			sourceTree = "<group>";
		};
		3DAEF1BE1E462C000060D53D /* Model */ = {
			isa = PBXGroup;
			children = (
				3DAEF1C11E468D740060D53D /* Contacts.swift */,
				3DAEF1BC1E462B800060D53D /* NewsArticle.swift */,
			);
			name = Model;
			sourceTree = "<group>";
		};
		3DEE9B3A1E3DA1D6001A4ED1 = {
			isa = PBXGroup;
			children = (
				3DEE9B451E3DA1D6001A4ED1 /* LockerRoomV5 */,
				3DEE9B5A1E3DA1D7001A4ED1 /* LockerRoomV5Tests */,
				3DEE9B651E3DA1D7001A4ED1 /* LockerRoomV5UITests */,
				3DEE9B441E3DA1D6001A4ED1 /* Products */,
				E78269EE9B572BA98ED88334 /* Pods */,
				EB2DC3260B877F2F14035660 /* Frameworks */,
			);
			sourceTree = "<group>";
		};
		3DEE9B441E3DA1D6001A4ED1 /* Products */ = {
			isa = PBXGroup;
			children = (
				3DEE9B431E3DA1D6001A4ED1 /* LockerRoomV5.app */,
				3DEE9B571E3DA1D7001A4ED1 /* LockerRoomV5Tests.xctest */,
				3DEE9B621E3DA1D7001A4ED1 /* LockerRoomV5UITests.xctest */,
			);
			name = Products;
			sourceTree = "<group>";
		};
		3DEE9B451E3DA1D6001A4ED1 /* LockerRoomV5 */ = {
			isa = PBXGroup;
			children = (
				3DEE9B461E3DA1D6001A4ED1 /* AppDelegate.swift */,
				3DEE9B481E3DA1D6001A4ED1 /* RootViewController.swift */,
				3DEE9B4A1E3DA1D7001A4ED1 /* Main.storyboard */,
				3D78AD6B1E3EA04E001C10DB /* HomeViewController.swift */,
				3DAEF1BF1E4643770060D53D /* ContactViewController.swift */,
				3DAEF1BE1E462C000060D53D /* Model */,
				3DEE9B4D1E3DA1D7001A4ED1 /* Assets.xcassets */,
				3DEE9B4F1E3DA1D7001A4ED1 /* LaunchScreen.storyboard */,
				3DEE9B521E3DA1D7001A4ED1 /* Info.plist */,
				3DEE9B741E3DA22D001A4ED1 /* GoogleService-Info.plist */,
				3D78AD6F1E3EA47E001C10DB /* NavigationIcons */,
				3D78AD861E3EA47E001C10DB /* MenuIcons */,
			);
			path = LockerRoomV5;
			sourceTree = "<group>";
		};
		3DEE9B5A1E3DA1D7001A4ED1 /* LockerRoomV5Tests */ = {
			isa = PBXGroup;
			children = (
				3DEE9B5B1E3DA1D7001A4ED1 /* LockerRoomV5Tests.swift */,
				3DEE9B5D1E3DA1D7001A4ED1 /* Info.plist */,
			);
			path = LockerRoomV5Tests;
			sourceTree = "<group>";
		};
		3DEE9B651E3DA1D7001A4ED1 /* LockerRoomV5UITests */ = {
			isa = PBXGroup;
			children = (
				3DEE9B661E3DA1D7001A4ED1 /* LockerRoomV5UITests.swift */,
				3DEE9B681E3DA1D8001A4ED1 /* Info.plist */,
			);
			path = LockerRoomV5UITests;
			sourceTree = "<group>";
		};
		E78269EE9B572BA98ED88334 /* Pods */ = {
			isa = PBXGroup;
			children = (
				3CA833BC43833A4FD6F3953C /* Pods-LockerRoomV5.debug.xcconfig */,
				115EDA9B112B61BA6B233961 /* Pods-LockerRoomV5.release.xcconfig */,
				BC4AC13752D23CA71F99F240 /* Pods-LockerRoomV5Tests.debug.xcconfig */,
				FE609AEBE460E4B899272E6D /* Pods-LockerRoomV5Tests.release.xcconfig */,
				F318E77576F123360241F9F0 /* Pods-LockerRoomV5UITests.debug.xcconfig */,
				A861C489B87C4C18940A0AF7 /* Pods-LockerRoomV5UITests.release.xcconfig */,
			);
			name = Pods;
			sourceTree = "<group>";
		};
		EB2DC3260B877F2F14035660 /* Frameworks */ = {
			isa = PBXGroup;
			children = (
				99435BEF6A7A2E59398ED881 /* Pods_LockerRoomV5.framework */,
				E3486F5709594CB9D4695AE2 /* Pods_LockerRoomV5Tests.framework */,
				84F7F7BAA3FF2615340BE047 /* Pods_LockerRoomV5UITests.framework */,
			);
			name = Frameworks;
			sourceTree = "<group>";
		};
/* End PBXGroup section */

/* Begin PBXNativeTarget section */
		3DEE9B421E3DA1D6001A4ED1 /* LockerRoomV5 */ = {
			isa = PBXNativeTarget;
			buildConfigurationList = 3DEE9B6B1E3DA1D8001A4ED1 /* Build configuration list for PBXNativeTarget "LockerRoomV5" */;
			buildPhases = (
				E66092B0BED9DD3F1630CB30 /* [CP] Check Pods Manifest.lock */,
				3DEE9B3F1E3DA1D6001A4ED1 /* Sources */,
				3DEE9B401E3DA1D6001A4ED1 /* Frameworks */,
				3DEE9B411E3DA1D6001A4ED1 /* Resources */,
				A544B91BCD4300E537726CB9 /* [CP] Embed Pods Frameworks */,
				7A08F79C89D9471C61A370DF /* [CP] Copy Pods Resources */,
			);
			buildRules = (
			);
			dependencies = (
			);
			name = LockerRoomV5;
			productName = LockerRoomV5;
			productReference = 3DEE9B431E3DA1D6001A4ED1 /* LockerRoomV5.app */;
			productType = "com.apple.product-type.application";
		};
		3DEE9B561E3DA1D7001A4ED1 /* LockerRoomV5Tests */ = {
			isa = PBXNativeTarget;
			buildConfigurationList = 3DEE9B6E1E3DA1D8001A4ED1 /* Build configuration list for PBXNativeTarget "LockerRoomV5Tests" */;
			buildPhases = (
				A5660A3CF6DAAAFFCEA7A61D /* [CP] Check Pods Manifest.lock */,
				3DEE9B531E3DA1D7001A4ED1 /* Sources */,
				3DEE9B541E3DA1D7001A4ED1 /* Frameworks */,
				3DEE9B551E3DA1D7001A4ED1 /* Resources */,
				4635919F6523FB6B4BC08972 /* [CP] Embed Pods Frameworks */,
				CE28D28AF8B90B53CDC553B3 /* [CP] Copy Pods Resources */,
			);
			buildRules = (
			);
			dependencies = (
				3DEE9B591E3DA1D7001A4ED1 /* PBXTargetDependency */,
			);
			name = LockerRoomV5Tests;
			productName = LockerRoomV5Tests;
			productReference = 3DEE9B571E3DA1D7001A4ED1 /* LockerRoomV5Tests.xctest */;
			productType = "com.apple.product-type.bundle.unit-test";
		};
		3DEE9B611E3DA1D7001A4ED1 /* LockerRoomV5UITests */ = {
			isa = PBXNativeTarget;
			buildConfigurationList = 3DEE9B711E3DA1D8001A4ED1 /* Build configuration list for PBXNativeTarget "LockerRoomV5UITests" */;
			buildPhases = (
				390F77A6AE6542F2DF1F6172 /* [CP] Check Pods Manifest.lock */,
				3DEE9B5E1E3DA1D7001A4ED1 /* Sources */,
				3DEE9B5F1E3DA1D7001A4ED1 /* Frameworks */,
				3DEE9B601E3DA1D7001A4ED1 /* Resources */,
				6B864C8C5F839882B6A64993 /* [CP] Embed Pods Frameworks */,
				87F5B46666D7DE7B4FE4511A /* [CP] Copy Pods Resources */,
			);
			buildRules = (
			);
			dependencies = (
				3DEE9B641E3DA1D7001A4ED1 /* PBXTargetDependency */,
			);
			name = LockerRoomV5UITests;
			productName = LockerRoomV5UITests;
			productReference = 3DEE9B621E3DA1D7001A4ED1 /* LockerRoomV5UITests.xctest */;
			productType = "com.apple.product-type.bundle.ui-testing";
		};
/* End PBXNativeTarget section */

/* Begin PBXProject section */
		3DEE9B3B1E3DA1D6001A4ED1 /* Project object */ = {
			isa = PBXProject;
			attributes = {
				LastSwiftUpdateCheck = 0820;
				LastUpgradeCheck = 0820;
				ORGANIZATIONNAME = "NANZI WANG";
				TargetAttributes = {
					3DEE9B421E3DA1D6001A4ED1 = {
						CreatedOnToolsVersion = 8.2.1;
						DevelopmentTeam = 87WHN6T97D;
						ProvisioningStyle = Automatic;
					};
					3DEE9B561E3DA1D7001A4ED1 = {
						CreatedOnToolsVersion = 8.2.1;
						DevelopmentTeam = 87WHN6T97D;
						ProvisioningStyle = Automatic;
						TestTargetID = 3DEE9B421E3DA1D6001A4ED1;
					};
					3DEE9B611E3DA1D7001A4ED1 = {
						CreatedOnToolsVersion = 8.2.1;
						DevelopmentTeam = 87WHN6T97D;
						ProvisioningStyle = Automatic;
						TestTargetID = 3DEE9B421E3DA1D6001A4ED1;
					};
				};
			};
			buildConfigurationList = 3DEE9B3E1E3DA1D6001A4ED1 /* Build configuration list for PBXProject "LockerRoomV5" */;
			compatibilityVersion = "Xcode 3.2";
			developmentRegion = English;
			hasScannedForEncodings = 0;
			knownRegions = (
				en,
				Base,
			);
			mainGroup = 3DEE9B3A1E3DA1D6001A4ED1;
			productRefGroup = 3DEE9B441E3DA1D6001A4ED1 /* Products */;
			projectDirPath = "";
			projectRoot = "";
			targets = (
				3DEE9B421E3DA1D6001A4ED1 /* LockerRoomV5 */,
				3DEE9B561E3DA1D7001A4ED1 /* LockerRoomV5Tests */,
				3DEE9B611E3DA1D7001A4ED1 /* LockerRoomV5UITests */,
			);
		};
/* End PBXProject section */

/* Begin PBXResourcesBuildPhase section */
		3DEE9B411E3DA1D6001A4ED1 /* Resources */ = {
			isa = PBXResourcesBuildPhase;
			buildActionMask = 2147483647;
			files = (
				3D78AD8B1E3EA47E001C10DB /* ICON_CONTACT_PROFILE.png in Resources */,
				3D78AD921E3EA47E001C10DB /* ICON_CTS.png in Resources */,
				3D78AD991E3EA47E001C10DB /* ICON_RESOURCES.png in Resources */,
				3DEE9B511E3DA1D7001A4ED1 /* LaunchScreen.storyboard in Resources */,
				3D78AD971E3EA47E001C10DB /* ICON_RSN.png in Resources */,
				3D78AD9A1E3EA47E001C10DB /* ICON_SETTINGS.png in Resources */,
				3D78AD931E3EA47E001C10DB /* ICON_LOGOUT.png in Resources */,
				3D78AD961E3EA47E001C10DB /* ICON_CHAT.png in Resources */,
				3D78AD9C1E3EA47E001C10DB /* ICON_CALENDAR.png in Resources */,
				3D78AD8C1E3EA47E001C10DB /* SEARCH_FIELD.png in Resources */,
				3D78AD8E1E3EA47E001C10DB /* LOCKERROOM_MAIN_HEADER_03.png in Resources */,
				3D78AD9E1E3EA47E001C10DB /* ICON_FAQ.png in Resources */,
				3D78AD8A1E3EA47E001C10DB /* ICON_BACK.png in Resources */,
				3DEE9B751E3DA22D001A4ED1 /* GoogleService-Info.plist in Resources */,
				3D78AD8D1E3EA47E001C10DB /* TITLE_HR.png in Resources */,
				3D78AD871E3EA47E001C10DB /* ICON_MENU_03.png in Resources */,
				3D78AD951E3EA47E001C10DB /* ICON_TIMEKEEPER.png in Resources */,
				3D78AD981E3EA47E001C10DB /* ICON_NEWHIRE.png in Resources */,
				3D78AD941E3EA47E001C10DB /* ICON_SELFSERVICE.png in Resources */,
				3D78AD881E3EA47E001C10DB /* NAVIGATION_HEADER_03.png in Resources */,
				3DEE9B4E1E3DA1D7001A4ED1 /* Assets.xcassets in Resources */,
				3DEE9B4C1E3DA1D7001A4ED1 /* Main.storyboard in Resources */,
				3D78AD9D1E3EA47E001C10DB /* ICON_ADD.png in Resources */,
				3D78AD9B1E3EA47E001C10DB /* ICON_SEARCH.png in Resources */,
				3D78AD891E3EA47E001C10DB /* LOCKERROOM_SPLASH.jpg in Resources */,
				3D78AD901E3EA47E001C10DB /* ICON_MANAGER.png in Resources */,
				3D78AD8F1E3EA47E001C10DB /* LOCKERROOM_APP_LOGO-05.png in Resources */,
				3D78AD911E3EA47E001C10DB /* ICON_DOCUMENT.png in Resources */,
			);
			runOnlyForDeploymentPostprocessing = 0;
		};
		3DEE9B551E3DA1D7001A4ED1 /* Resources */ = {
			isa = PBXResourcesBuildPhase;
			buildActionMask = 2147483647;
			files = (
			);
			runOnlyForDeploymentPostprocessing = 0;
		};
		3DEE9B601E3DA1D7001A4ED1 /* Resources */ = {
			isa = PBXResourcesBuildPhase;
			buildActionMask = 2147483647;
			files = (
			);
			runOnlyForDeploymentPostprocessing = 0;
		};
/* End PBXResourcesBuildPhase section */

/* Begin PBXShellScriptBuildPhase section */
		390F77A6AE6542F2DF1F6172 /* [CP] Check Pods Manifest.lock */ = {
			isa = PBXShellScriptBuildPhase;
			buildActionMask = 2147483647;
			files = (
			);
			inputPaths = (
			);
			name = "[CP] Check Pods Manifest.lock";
			outputPaths = (
			);
			runOnlyForDeploymentPostprocessing = 0;
			shellPath = /bin/sh;
			shellScript = "diff \"${PODS_ROOT}/../Podfile.lock\" \"${PODS_ROOT}/Manifest.lock\" > /dev/null\nif [ $? != 0 ] ; then\n    # print error to STDERR\n    echo \"error: The sandbox is not in sync with the Podfile.lock. Run 'pod install' or update your CocoaPods installation.\" >&2\n    exit 1\nfi\n";
			showEnvVarsInLog = 0;
		};
		4635919F6523FB6B4BC08972 /* [CP] Embed Pods Frameworks */ = {
			isa = PBXShellScriptBuildPhase;
			buildActionMask = 2147483647;
			files = (
			);
			inputPaths = (
			);
			name = "[CP] Embed Pods Frameworks";
			outputPaths = (
			);
			runOnlyForDeploymentPostprocessing = 0;
			shellPath = /bin/sh;
			shellScript = "\"${SRCROOT}/Pods/Target Support Files/Pods-LockerRoomV5Tests/Pods-LockerRoomV5Tests-frameworks.sh\"\n";
			showEnvVarsInLog = 0;
		};
		6B864C8C5F839882B6A64993 /* [CP] Embed Pods Frameworks */ = {
			isa = PBXShellScriptBuildPhase;
			buildActionMask = 2147483647;
			files = (
			);
			inputPaths = (
			);
			name = "[CP] Embed Pods Frameworks";
			outputPaths = (
			);
			runOnlyForDeploymentPostprocessing = 0;
			shellPath = /bin/sh;
			shellScript = "\"${SRCROOT}/Pods/Target Support Files/Pods-LockerRoomV5UITests/Pods-LockerRoomV5UITests-frameworks.sh\"\n";
			showEnvVarsInLog = 0;
		};
		7A08F79C89D9471C61A370DF /* [CP] Copy Pods Resources */ = {
			isa = PBXShellScriptBuildPhase;
			buildActionMask = 2147483647;
			files = (
			);
			inputPaths = (
			);
			name = "[CP] Copy Pods Resources";
			outputPaths = (
			);
			runOnlyForDeploymentPostprocessing = 0;
			shellPath = /bin/sh;
			shellScript = "\"${SRCROOT}/Pods/Target Support Files/Pods-LockerRoomV5/Pods-LockerRoomV5-resources.sh\"\n";
			showEnvVarsInLog = 0;
		};
		87F5B46666D7DE7B4FE4511A /* [CP] Copy Pods Resources */ = {
			isa = PBXShellScriptBuildPhase;
			buildActionMask = 2147483647;
			files = (
			);
			inputPaths = (
			);
			name = "[CP] Copy Pods Resources";
			outputPaths = (
			);
			runOnlyForDeploymentPostprocessing = 0;
			shellPath = /bin/sh;
			shellScript = "\"${SRCROOT}/Pods/Target Support Files/Pods-LockerRoomV5UITests/Pods-LockerRoomV5UITests-resources.sh\"\n";
			showEnvVarsInLog = 0;
		};
		A544B91BCD4300E537726CB9 /* [CP] Embed Pods Frameworks */ = {
			isa = PBXShellScriptBuildPhase;
			buildActionMask = 2147483647;
			files = (
			);
			inputPaths = (
			);
			name = "[CP] Embed Pods Frameworks";
			outputPaths = (
			);
			runOnlyForDeploymentPostprocessing = 0;
			shellPath = /bin/sh;
			shellScript = "\"${SRCROOT}/Pods/Target Support Files/Pods-LockerRoomV5/Pods-LockerRoomV5-frameworks.sh\"\n";
			showEnvVarsInLog = 0;
		};
		A5660A3CF6DAAAFFCEA7A61D /* [CP] Check Pods Manifest.lock */ = {
			isa = PBXShellScriptBuildPhase;
			buildActionMask = 2147483647;
			files = (
			);
			inputPaths = (
			);
			name = "[CP] Check Pods Manifest.lock";
			outputPaths = (
			);
			runOnlyForDeploymentPostprocessing = 0;
			shellPath = /bin/sh;
			shellScript = "diff \"${PODS_ROOT}/../Podfile.lock\" \"${PODS_ROOT}/Manifest.lock\" > /dev/null\nif [ $? != 0 ] ; then\n    # print error to STDERR\n    echo \"error: The sandbox is not in sync with the Podfile.lock. Run 'pod install' or update your CocoaPods installation.\" >&2\n    exit 1\nfi\n";
			showEnvVarsInLog = 0;
		};
		CE28D28AF8B90B53CDC553B3 /* [CP] Copy Pods Resources */ = {
			isa = PBXShellScriptBuildPhase;
			buildActionMask = 2147483647;
			files = (
			);
			inputPaths = (
			);
			name = "[CP] Copy Pods Resources";
			outputPaths = (
			);
			runOnlyForDeploymentPostprocessing = 0;
			shellPath = /bin/sh;
			shellScript = "\"${SRCROOT}/Pods/Target Support Files/Pods-LockerRoomV5Tests/Pods-LockerRoomV5Tests-resources.sh\"\n";
			showEnvVarsInLog = 0;
		};
		E66092B0BED9DD3F1630CB30 /* [CP] Check Pods Manifest.lock */ = {
			isa = PBXShellScriptBuildPhase;
			buildActionMask = 2147483647;
			files = (
			);
			inputPaths = (
			);
			name = "[CP] Check Pods Manifest.lock";
			outputPaths = (
			);
			runOnlyForDeploymentPostprocessing = 0;
			shellPath = /bin/sh;
			shellScript = "diff \"${PODS_ROOT}/../Podfile.lock\" \"${PODS_ROOT}/Manifest.lock\" > /dev/null\nif [ $? != 0 ] ; then\n    # print error to STDERR\n    echo \"error: The sandbox is not in sync with the Podfile.lock. Run 'pod install' or update your CocoaPods installation.\" >&2\n    exit 1\nfi\n";
			showEnvVarsInLog = 0;
		};
/* End PBXShellScriptBuildPhase section */

/* Begin PBXSourcesBuildPhase section */
		3DEE9B3F1E3DA1D6001A4ED1 /* Sources */ = {
			isa = PBXSourcesBuildPhase;
			buildActionMask = 2147483647;
			files = (
				3DEE9B491E3DA1D6001A4ED1 /* RootViewController.swift in Sources */,
				3DAEF1BD1E462B800060D53D /* NewsArticle.swift in Sources */,
				3DAEF1C21E468D740060D53D /* Contacts.swift in Sources */,
				3D78AD6C1E3EA04E001C10DB /* HomeViewController.swift in Sources */,
				3DEE9B471E3DA1D6001A4ED1 /* AppDelegate.swift in Sources */,
				3DAEF1C01E4643770060D53D /* ContactViewController.swift in Sources */,
			);
			runOnlyForDeploymentPostprocessing = 0;
		};
		3DEE9B531E3DA1D7001A4ED1 /* Sources */ = {
			isa = PBXSourcesBuildPhase;
			buildActionMask = 2147483647;
			files = (
				3DEE9B5C1E3DA1D7001A4ED1 /* LockerRoomV5Tests.swift in Sources */,
			);
			runOnlyForDeploymentPostprocessing = 0;
		};
		3DEE9B5E1E3DA1D7001A4ED1 /* Sources */ = {
			isa = PBXSourcesBuildPhase;
			buildActionMask = 2147483647;
			files = (
				3DEE9B671E3DA1D7001A4ED1 /* LockerRoomV5UITests.swift in Sources */,
			);
			runOnlyForDeploymentPostprocessing = 0;
		};
/* End PBXSourcesBuildPhase section */

/* Begin PBXTargetDependency section */
		3DEE9B591E3DA1D7001A4ED1 /* PBXTargetDependency */ = {
			isa = PBXTargetDependency;
			target = 3DEE9B421E3DA1D6001A4ED1 /* LockerRoomV5 */;
			targetProxy = 3DEE9B581E3DA1D7001A4ED1 /* PBXContainerItemProxy */;
		};
		3DEE9B641E3DA1D7001A4ED1 /* PBXTargetDependency */ = {
			isa = PBXTargetDependency;
			target = 3DEE9B421E3DA1D6001A4ED1 /* LockerRoomV5 */;
			targetProxy = 3DEE9B631E3DA1D7001A4ED1 /* PBXContainerItemProxy */;
		};
/* End PBXTargetDependency section */

/* Begin PBXVariantGroup section */
		3DEE9B4A1E3DA1D7001A4ED1 /* Main.storyboard */ = {
			isa = PBXVariantGroup;
			children = (
				3DEE9B4B1E3DA1D7001A4ED1 /* Base */,
			);
			name = Main.storyboard;
			sourceTree = "<group>";
		};
		3DEE9B4F1E3DA1D7001A4ED1 /* LaunchScreen.storyboard */ = {
			isa = PBXVariantGroup;
			children = (
				3DEE9B501E3DA1D7001A4ED1 /* Base */,
			);
			name = LaunchScreen.storyboard;
			sourceTree = "<group>";
		};
/* End PBXVariantGroup section */

/* Begin XCBuildConfiguration section */
		3DEE9B691E3DA1D8001A4ED1 /* Debug */ = {
			isa = XCBuildConfiguration;
			buildSettings = {
				ALWAYS_SEARCH_USER_PATHS = NO;
				CLANG_ANALYZER_NONNULL = YES;
				CLANG_CXX_LANGUAGE_STANDARD = "gnu++0x";
				CLANG_CXX_LIBRARY = "libc++";
				CLANG_ENABLE_MODULES = YES;
				CLANG_ENABLE_OBJC_ARC = YES;
				CLANG_WARN_BOOL_CONVERSION = YES;
				CLANG_WARN_CONSTANT_CONVERSION = YES;
				CLANG_WARN_DIRECT_OBJC_ISA_USAGE = YES_ERROR;
				CLANG_WARN_DOCUMENTATION_COMMENTS = YES;
				CLANG_WARN_EMPTY_BODY = YES;
				CLANG_WARN_ENUM_CONVERSION = YES;
				CLANG_WARN_INFINITE_RECURSION = YES;
				CLANG_WARN_INT_CONVERSION = YES;
				CLANG_WARN_OBJC_ROOT_CLASS = YES_ERROR;
				CLANG_WARN_SUSPICIOUS_MOVE = YES;
				CLANG_WARN_UNREACHABLE_CODE = YES;
				CLANG_WARN__DUPLICATE_METHOD_MATCH = YES;
				"CODE_SIGN_IDENTITY[sdk=iphoneos*]" = "iPhone Developer";
				COPY_PHASE_STRIP = NO;
				DEBUG_INFORMATION_FORMAT = dwarf;
				ENABLE_STRICT_OBJC_MSGSEND = YES;
				ENABLE_TESTABILITY = YES;
				GCC_C_LANGUAGE_STANDARD = gnu99;
				GCC_DYNAMIC_NO_PIC = NO;
				GCC_NO_COMMON_BLOCKS = YES;
				GCC_OPTIMIZATION_LEVEL = 0;
				GCC_PREPROCESSOR_DEFINITIONS = (
					"DEBUG=1",
					"$(inherited)",
				);
				GCC_WARN_64_TO_32_BIT_CONVERSION = YES;
				GCC_WARN_ABOUT_RETURN_TYPE = YES_ERROR;
				GCC_WARN_UNDECLARED_SELECTOR = YES;
				GCC_WARN_UNINITIALIZED_AUTOS = YES_AGGRESSIVE;
				GCC_WARN_UNUSED_FUNCTION = YES;
				GCC_WARN_UNUSED_VARIABLE = YES;
				IPHONEOS_DEPLOYMENT_TARGET = 10.2;
				MTL_ENABLE_DEBUG_INFO = YES;
				ONLY_ACTIVE_ARCH = YES;
				SDKROOT = iphoneos;
				SWIFT_ACTIVE_COMPILATION_CONDITIONS = DEBUG;
				SWIFT_OPTIMIZATION_LEVEL = "-Onone";
				TARGETED_DEVICE_FAMILY = "1,2";
			};
			name = Debug;
		};
		3DEE9B6A1E3DA1D8001A4ED1 /* Release */ = {
			isa = XCBuildConfiguration;
			buildSettings = {
				ALWAYS_SEARCH_USER_PATHS = NO;
				CLANG_ANALYZER_NONNULL = YES;
				CLANG_CXX_LANGUAGE_STANDARD = "gnu++0x";
				CLANG_CXX_LIBRARY = "libc++";
				CLANG_ENABLE_MODULES = YES;
				CLANG_ENABLE_OBJC_ARC = YES;
				CLANG_WARN_BOOL_CONVERSION = YES;
				CLANG_WARN_CONSTANT_CONVERSION = YES;
				CLANG_WARN_DIRECT_OBJC_ISA_USAGE = YES_ERROR;
				CLANG_WARN_DOCUMENTATION_COMMENTS = YES;
				CLANG_WARN_EMPTY_BODY = YES;
				CLANG_WARN_ENUM_CONVERSION = YES;
				CLANG_WARN_INFINITE_RECURSION = YES;
				CLANG_WARN_INT_CONVERSION = YES;
				CLANG_WARN_OBJC_ROOT_CLASS = YES_ERROR;
				CLANG_WARN_SUSPICIOUS_MOVE = YES;
				CLANG_WARN_UNREACHABLE_CODE = YES;
				CLANG_WARN__DUPLICATE_METHOD_MATCH = YES;
				"CODE_SIGN_IDENTITY[sdk=iphoneos*]" = "iPhone Developer";
				COPY_PHASE_STRIP = NO;
				DEBUG_INFORMATION_FORMAT = "dwarf-with-dsym";
				ENABLE_NS_ASSERTIONS = NO;
				ENABLE_STRICT_OBJC_MSGSEND = YES;
				GCC_C_LANGUAGE_STANDARD = gnu99;
				GCC_NO_COMMON_BLOCKS = YES;
				GCC_WARN_64_TO_32_BIT_CONVERSION = YES;
				GCC_WARN_ABOUT_RETURN_TYPE = YES_ERROR;
				GCC_WARN_UNDECLARED_SELECTOR = YES;
				GCC_WARN_UNINITIALIZED_AUTOS = YES_AGGRESSIVE;
				GCC_WARN_UNUSED_FUNCTION = YES;
				GCC_WARN_UNUSED_VARIABLE = YES;
				IPHONEOS_DEPLOYMENT_TARGET = 10.2;
				MTL_ENABLE_DEBUG_INFO = NO;
				SDKROOT = iphoneos;
				SWIFT_OPTIMIZATION_LEVEL = "-Owholemodule";
				TARGETED_DEVICE_FAMILY = "1,2";
				VALIDATE_PRODUCT = YES;
			};
			name = Release;
		};
		3DEE9B6C1E3DA1D8001A4ED1 /* Debug */ = {
			isa = XCBuildConfiguration;
			baseConfigurationReference = 3CA833BC43833A4FD6F3953C /* Pods-LockerRoomV5.debug.xcconfig */;
			buildSettings = {
				ASSETCATALOG_COMPILER_APPICON_NAME = AppIcon;
				DEVELOPMENT_TEAM = 87WHN6T97D;
				INFOPLIST_FILE = LockerRoomV5/Info.plist;
				LD_RUNPATH_SEARCH_PATHS = "$(inherited) @executable_path/Frameworks";
				PRODUCT_BUNDLE_IDENTIFIER = PrettyMotion.LockerRoomV5;
				PRODUCT_NAME = "$(TARGET_NAME)";
				SWIFT_VERSION = 3.0;
			};
			name = Debug;
		};
		3DEE9B6D1E3DA1D8001A4ED1 /* Release */ = {
			isa = XCBuildConfiguration;
			baseConfigurationReference = 115EDA9B112B61BA6B233961 /* Pods-LockerRoomV5.release.xcconfig */;
			buildSettings = {
				ASSETCATALOG_COMPILER_APPICON_NAME = AppIcon;
				DEVELOPMENT_TEAM = 87WHN6T97D;
				INFOPLIST_FILE = LockerRoomV5/Info.plist;
				LD_RUNPATH_SEARCH_PATHS = "$(inherited) @executable_path/Frameworks";
				PRODUCT_BUNDLE_IDENTIFIER = PrettyMotion.LockerRoomV5;
				PRODUCT_NAME = "$(TARGET_NAME)";
				SWIFT_VERSION = 3.0;
			};
			name = Release;
		};
		3DEE9B6F1E3DA1D8001A4ED1 /* Debug */ = {
			isa = XCBuildConfiguration;
			baseConfigurationReference = BC4AC13752D23CA71F99F240 /* Pods-LockerRoomV5Tests.debug.xcconfig */;
			buildSettings = {
				ALWAYS_EMBED_SWIFT_STANDARD_LIBRARIES = YES;
				BUNDLE_LOADER = "$(TEST_HOST)";
				DEVELOPMENT_TEAM = 87WHN6T97D;
				INFOPLIST_FILE = LockerRoomV5Tests/Info.plist;
				LD_RUNPATH_SEARCH_PATHS = "$(inherited) @executable_path/Frameworks @loader_path/Frameworks";
				PRODUCT_BUNDLE_IDENTIFIER = PrettyMotion.LockerRoomV5Tests;
				PRODUCT_NAME = "$(TARGET_NAME)";
				SWIFT_VERSION = 3.0;
				TEST_HOST = "$(BUILT_PRODUCTS_DIR)/LockerRoomV5.app/LockerRoomV5";
			};
			name = Debug;
		};
		3DEE9B701E3DA1D8001A4ED1 /* Release */ = {
			isa = XCBuildConfiguration;
			baseConfigurationReference = FE609AEBE460E4B899272E6D /* Pods-LockerRoomV5Tests.release.xcconfig */;
			buildSettings = {
				ALWAYS_EMBED_SWIFT_STANDARD_LIBRARIES = YES;
				BUNDLE_LOADER = "$(TEST_HOST)";
				DEVELOPMENT_TEAM = 87WHN6T97D;
				INFOPLIST_FILE = LockerRoomV5Tests/Info.plist;
				LD_RUNPATH_SEARCH_PATHS = "$(inherited) @executable_path/Frameworks @loader_path/Frameworks";
				PRODUCT_BUNDLE_IDENTIFIER = PrettyMotion.LockerRoomV5Tests;
				PRODUCT_NAME = "$(TARGET_NAME)";
				SWIFT_VERSION = 3.0;
				TEST_HOST = "$(BUILT_PRODUCTS_DIR)/LockerRoomV5.app/LockerRoomV5";
			};
			name = Release;
		};
		3DEE9B721E3DA1D8001A4ED1 /* Debug */ = {
			isa = XCBuildConfiguration;
			baseConfigurationReference = F318E77576F123360241F9F0 /* Pods-LockerRoomV5UITests.debug.xcconfig */;
			buildSettings = {
				ALWAYS_EMBED_SWIFT_STANDARD_LIBRARIES = YES;
				DEVELOPMENT_TEAM = 87WHN6T97D;
				INFOPLIST_FILE = LockerRoomV5UITests/Info.plist;
				LD_RUNPATH_SEARCH_PATHS = "$(inherited) @executable_path/Frameworks @loader_path/Frameworks";
				PRODUCT_BUNDLE_IDENTIFIER = PrettyMotion.LockerRoomV5UITests;
				PRODUCT_NAME = "$(TARGET_NAME)";
				SWIFT_VERSION = 3.0;
				TEST_TARGET_NAME = LockerRoomV5;
			};
			name = Debug;
		};
		3DEE9B731E3DA1D8001A4ED1 /* Release */ = {
			isa = XCBuildConfiguration;
			baseConfigurationReference = A861C489B87C4C18940A0AF7 /* Pods-LockerRoomV5UITests.release.xcconfig */;
			buildSettings = {
				ALWAYS_EMBED_SWIFT_STANDARD_LIBRARIES = YES;
				DEVELOPMENT_TEAM = 87WHN6T97D;
				INFOPLIST_FILE = LockerRoomV5UITests/Info.plist;
				LD_RUNPATH_SEARCH_PATHS = "$(inherited) @executable_path/Frameworks @loader_path/Frameworks";
				PRODUCT_BUNDLE_IDENTIFIER = PrettyMotion.LockerRoomV5UITests;
				PRODUCT_NAME = "$(TARGET_NAME)";
				SWIFT_VERSION = 3.0;
				TEST_TARGET_NAME = LockerRoomV5;
			};
			name = Release;
		};
/* End XCBuildConfiguration section */

/* Begin XCConfigurationList section */
		3DEE9B3E1E3DA1D6001A4ED1 /* Build configuration list for PBXProject "LockerRoomV5" */ = {
			isa = XCConfigurationList;
			buildConfigurations = (
				3DEE9B691E3DA1D8001A4ED1 /* Debug */,
				3DEE9B6A1E3DA1D8001A4ED1 /* Release */,
			);
			defaultConfigurationIsVisible = 0;
			defaultConfigurationName = Release;
		};
		3DEE9B6B1E3DA1D8001A4ED1 /* Build configuration list for PBXNativeTarget "LockerRoomV5" */ = {
			isa = XCConfigurationList;
			buildConfigurations = (
				3DEE9B6C1E3DA1D8001A4ED1 /* Debug */,
				3DEE9B6D1E3DA1D8001A4ED1 /* Release */,
			);
			defaultConfigurationIsVisible = 0;
			defaultConfigurationName = Release;
		};
		3DEE9B6E1E3DA1D8001A4ED1 /* Build configuration list for PBXNativeTarget "LockerRoomV5Tests" */ = {
			isa = XCConfigurationList;
			buildConfigurations = (
				3DEE9B6F1E3DA1D8001A4ED1 /* Debug */,
				3DEE9B701E3DA1D8001A4ED1 /* Release */,
			);
			defaultConfigurationIsVisible = 0;
			defaultConfigurationName = Release;
		};
		3DEE9B711E3DA1D8001A4ED1 /* Build configuration list for PBXNativeTarget "LockerRoomV5UITests" */ = {
			isa = XCConfigurationList;
			buildConfigurations = (
				3DEE9B721E3DA1D8001A4ED1 /* Debug */,
				3DEE9B731E3DA1D8001A4ED1 /* Release */,
			);
			defaultConfigurationIsVisible = 0;
			defaultConfigurationName = Release;
		};
/* End XCConfigurationList section */
	};
	rootObject = 3DEE9B3B1E3DA1D6001A4ED1 /* Project object */;
}
